
Microsoft Visual Studio Solution File, Format Version 12.00
# Visual Studio Version 17
VisualStudioVersion = 17.7.34202.233
MinimumVisualStudioVersion = 10.0.40219.1
Project("{9A19103F-16F7-4668-BE54-9A1E7A4F7556}") = "Svg2Gcode", "Svg2Gcode\Svg2Gcode.csproj", "{FD6D9BCF-C094-4764-8AD0-6A24E22DE9A0}"
EndProject
Project("{9A19103F-16F7-4668-BE54-9A1E7A4F7556}") = "Svg2Gcode.Test", "Svg2Gcode.Test\Svg2Gcode.Test.csproj", "{A35D74E9-0EC4-4304-9E6B-A13B9852A3CF}"
EndProject
Project("{2150E333-8FDC-42A3-9474-1A3956D46DE8}") = "GCode", "GCode", "{06C4C347-F8D0-45D8-83CC-EF5D021B6413}"
EndProject
Project("{9A19103F-16F7-4668-BE54-9A1E7A4F7556}") = "GCode", "GCode\GCode\GCode.csproj", "{FDB74A5D-1544-4C11-A38A-40599100FF27}"
EndProject
Project("{2150E333-8FDC-42A3-9474-1A3956D46DE8}") = "Utilities", "Utilities", "{9E4B747A-BF10-4B50-81B4-7E5F1BDBB9CC}"
EndProject
Project("{9A19103F-16F7-4668-BE54-9A1E7A4F7556}") = "Dalby.Common", "GCode\Utilities\Dalby.Common\Dalby.Common.csproj", "{A4F6B58B-30AA-4537-9F36-8314289DC561}"
EndProject
Project("{9A19103F-16F7-4668-BE54-9A1E7A4F7556}") = "Dalby.Maths", "GCode\Utilities\Dalby.Maths\Dalby.Maths.csproj", "{F35E4C8C-A772-41B7-9580-9F67F8E677BB}"
EndProject
Global
	GlobalSection(SolutionConfigurationPlatforms) = preSolution
		Debug|Any CPU = Debug|Any CPU
		Release|Any CPU = Release|Any CPU
	EndGlobalSection
	GlobalSection(ProjectConfigurationPlatforms) = postSolution
		{FD6D9BCF-C094-4764-8AD0-6A24E22DE9A0}.Debug|Any CPU.ActiveCfg = Debug|Any CPU
		{FD6D9BCF-C094-4764-8AD0-6A24E22DE9A0}.Debug|Any CPU.Build.0 = Debug|Any CPU
		{FD6D9BCF-C094-4764-8AD0-6A24E22DE9A0}.Release|Any CPU.ActiveCfg = Release|Any CPU
		{FD6D9BCF-C094-4764-8AD0-6A24E22DE9A0}.Release|Any CPU.Build.0 = Release|Any CPU
		{A35D74E9-0EC4-4304-9E6B-A13B9852A3CF}.Debug|Any CPU.ActiveCfg = Debug|Any CPU
		{A35D74E9-0EC4-4304-9E6B-A13B9852A3CF}.Debug|Any CPU.Build.0 = Debug|Any CPU
		{A35D74E9-0EC4-4304-9E6B-A13B9852A3CF}.Release|Any CPU.ActiveCfg = Release|Any CPU
		{A35D74E9-0EC4-4304-9E6B-A13B9852A3CF}.Release|Any CPU.Build.0 = Release|Any CPU
		{FDB74A5D-1544-4C11-A38A-40599100FF27}.Debug|Any CPU.ActiveCfg = Debug|Any CPU
		{FDB74A5D-1544-4C11-A38A-40599100FF27}.Debug|Any CPU.Build.0 = Debug|Any CPU
		{FDB74A5D-1544-4C11-A38A-40599100FF27}.Release|Any CPU.ActiveCfg = Release|Any CPU
		{FDB74A5D-1544-4C11-A38A-40599100FF27}.Release|Any CPU.Build.0 = Release|Any CPU
		{A4F6B58B-30AA-4537-9F36-8314289DC561}.Debug|Any CPU.ActiveCfg = Debug|Any CPU
		{A4F6B58B-30AA-4537-9F36-8314289DC561}.Debug|Any CPU.Build.0 = Debug|Any CPU
		{A4F6B58B-30AA-4537-9F36-8314289DC561}.Release|Any CPU.ActiveCfg = Release|Any CPU
		{A4F6B58B-30AA-4537-9F36-8314289DC561}.Release|Any CPU.Build.0 = Release|Any CPU
		{F35E4C8C-A772-41B7-9580-9F67F8E677BB}.Debug|Any CPU.ActiveCfg = Debug|Any CPU
		{F35E4C8C-A772-41B7-9580-9F67F8E677BB}.Debug|Any CPU.Build.0 = Debug|Any CPU
		{F35E4C8C-A772-41B7-9580-9F67F8E677BB}.Release|Any CPU.ActiveCfg = Release|Any CPU
		{F35E4C8C-A772-41B7-9580-9F67F8E677BB}.Release|Any CPU.Build.0 = Release|Any CPU
	EndGlobalSection
	GlobalSection(SolutionProperties) = preSolution
		HideSolutionNode = FALSE
	EndGlobalSection
	GlobalSection(NestedProjects) = preSolution
		{FDB74A5D-1544-4C11-A38A-40599100FF27} = {06C4C347-F8D0-45D8-83CC-EF5D021B6413}
		{9E4B747A-BF10-4B50-81B4-7E5F1BDBB9CC} = {06C4C347-F8D0-45D8-83CC-EF5D021B6413}
		{A4F6B58B-30AA-4537-9F36-8314289DC561} = {9E4B747A-BF10-4B50-81B4-7E5F1BDBB9CC}
		{F35E4C8C-A772-41B7-9580-9F67F8E677BB} = {9E4B747A-BF10-4B50-81B4-7E5F1BDBB9CC}
	EndGlobalSection
	GlobalSection(ExtensibilityGlobals) = postSolution
		SolutionGuid = {8EE7F7F8-91B2-4C54-92C8-442DD8C2449C}
	EndGlobalSection
EndGlobal
